
Microsoft Visual Studio Solution File, Format Version 12.00
# Visual Studio Version 16
VisualStudioVersion = 16.0.31410.357
MinimumVisualStudioVersion = 10.0.40219.1
Project("{9A19103F-16F7-4668-BE54-9A1E7A4F7556}") = "DataAnalyzer", "DataAnalyzer\DataAnalyzer.csproj", "{1036A26F-94EC-48DE-84FC-3E5ECD1CBF4C}"
EndProject
Project("{9A19103F-16F7-4668-BE54-9A1E7A4F7556}") = "DataScraper", "DataScraper\DataScraper.csproj", "{2F120508-4DA5-42A9-B380-125B90F5891D}"
EndProject
Global
	GlobalSection(SolutionConfigurationPlatforms) = preSolution
		Debug|Any CPU = Debug|Any CPU
		Release|Any CPU = Release|Any CPU
	EndGlobalSection
	GlobalSection(ProjectConfigurationPlatforms) = postSolution
		{1036A26F-94EC-48DE-84FC-3E5ECD1CBF4C}.Debug|Any CPU.ActiveCfg = Debug|Any CPU
		{1036A26F-94EC-48DE-84FC-3E5ECD1CBF4C}.Debug|Any CPU.Build.0 = Debug|Any CPU
		{1036A26F-94EC-48DE-84FC-3E5ECD1CBF4C}.Release|Any CPU.ActiveCfg = Release|Any CPU
		{1036A26F-94EC-48DE-84FC-3E5ECD1CBF4C}.Release|Any CPU.Build.0 = Release|Any CPU
		{2F120508-4DA5-42A9-B380-125B90F5891D}.Debug|Any CPU.ActiveCfg = Debug|Any CPU
		{2F120508-4DA5-42A9-B380-125B90F5891D}.Debug|Any CPU.Build.0 = Debug|Any CPU
		{2F120508-4DA5-42A9-B380-125B90F5891D}.Release|Any CPU.ActiveCfg = Release|Any CPU
		{2F120508-4DA5-42A9-B380-125B90F5891D}.Release|Any CPU.Build.0 = Release|Any CPU
	EndGlobalSection
	GlobalSection(SolutionProperties) = preSolution
		HideSolutionNode = FALSE
	EndGlobalSection
	GlobalSection(ExtensibilityGlobals) = postSolution
		SolutionGuid = {4B890BB9-0185-48C8-BAA7-C76619435917}
	EndGlobalSection
EndGlobal
