
Microsoft Visual Studio Solution File, Format Version 12.00
# Visual Studio Version 17
VisualStudioVersion = 17.4.33122.133
MinimumVisualStudioVersion = 10.0.40219.1
Project("{9A19103F-16F7-4668-BE54-9A1E7A4F7556}") = "DataAnalyzer", "DataAnalyzer\DataAnalyzer.csproj", "{1036A26F-94EC-48DE-84FC-3E5ECD1CBF4C}"
EndProject
Project("{9A19103F-16F7-4668-BE54-9A1E7A4F7556}") = "DataScraper", "DataScraper\DataScraper.csproj", "{2F120508-4DA5-42A9-B380-125B90F5891D}"
EndProject
Project("{9A19103F-16F7-4668-BE54-9A1E7A4F7556}") = "DataSerialization", "DataSerialization\DataSerialization.csproj", "{4BC6B053-03DD-4B6D-A36A-FA0AFD72C95D}"
EndProject
Project("{9A19103F-16F7-4668-BE54-9A1E7A4F7556}") = "ExcelService", "ExcelService\ExcelService.csproj", "{BF831B79-C73B-4D31-9999-934E34EC2BE3}"
EndProject
Project("{2150E333-8FDC-42A3-9474-1A3956D46DE8}") = "Test", "Test", "{FFB3B34C-865F-411E-B0FE-C15F43A4A217}"
EndProject
Project("{9A19103F-16F7-4668-BE54-9A1E7A4F7556}") = "ExcelServiceTest", "Test\ExcelServiceTest\ExcelServiceTest.csproj", "{156EC01F-A0C4-4BCB-8497-7C82F2B285AC}"
EndProject
Project("{9A19103F-16F7-4668-BE54-9A1E7A4F7556}") = "DataAnalyzerTest", "Test\DataAnalyzerTest\DataAnalyzerTest.csproj", "{2C05D393-DE67-41CD-B13D-2848C5DD9166}"
EndProject
Project("{2150E333-8FDC-42A3-9474-1A3956D46DE8}") = "Solution Items", "Solution Items", "{C660F5B0-D0E4-4932-93FF-4B9F99EED7DC}"
	ProjectSection(SolutionItems) = preProject
		.editorconfig = .editorconfig
	EndProjectSection
EndProject
Global
	GlobalSection(SolutionConfigurationPlatforms) = preSolution
		Debug|Any CPU = Debug|Any CPU
		Release|Any CPU = Release|Any CPU
	EndGlobalSection
	GlobalSection(ProjectConfigurationPlatforms) = postSolution
		{1036A26F-94EC-48DE-84FC-3E5ECD1CBF4C}.Debug|Any CPU.ActiveCfg = Debug|Any CPU
		{1036A26F-94EC-48DE-84FC-3E5ECD1CBF4C}.Debug|Any CPU.Build.0 = Debug|Any CPU
		{1036A26F-94EC-48DE-84FC-3E5ECD1CBF4C}.Release|Any CPU.ActiveCfg = Release|Any CPU
		{1036A26F-94EC-48DE-84FC-3E5ECD1CBF4C}.Release|Any CPU.Build.0 = Release|Any CPU
		{2F120508-4DA5-42A9-B380-125B90F5891D}.Debug|Any CPU.ActiveCfg = Debug|Any CPU
		{2F120508-4DA5-42A9-B380-125B90F5891D}.Debug|Any CPU.Build.0 = Debug|Any CPU
		{2F120508-4DA5-42A9-B380-125B90F5891D}.Release|Any CPU.ActiveCfg = Release|Any CPU
		{2F120508-4DA5-42A9-B380-125B90F5891D}.Release|Any CPU.Build.0 = Release|Any CPU
		{4BC6B053-03DD-4B6D-A36A-FA0AFD72C95D}.Debug|Any CPU.ActiveCfg = Debug|Any CPU
		{4BC6B053-03DD-4B6D-A36A-FA0AFD72C95D}.Debug|Any CPU.Build.0 = Debug|Any CPU
		{4BC6B053-03DD-4B6D-A36A-FA0AFD72C95D}.Release|Any CPU.ActiveCfg = Release|Any CPU
		{4BC6B053-03DD-4B6D-A36A-FA0AFD72C95D}.Release|Any CPU.Build.0 = Release|Any CPU
		{BF831B79-C73B-4D31-9999-934E34EC2BE3}.Debug|Any CPU.ActiveCfg = Debug|Any CPU
		{BF831B79-C73B-4D31-9999-934E34EC2BE3}.Debug|Any CPU.Build.0 = Debug|Any CPU
		{BF831B79-C73B-4D31-9999-934E34EC2BE3}.Release|Any CPU.ActiveCfg = Release|Any CPU
		{BF831B79-C73B-4D31-9999-934E34EC2BE3}.Release|Any CPU.Build.0 = Release|Any CPU
		{156EC01F-A0C4-4BCB-8497-7C82F2B285AC}.Debug|Any CPU.ActiveCfg = Debug|Any CPU
		{156EC01F-A0C4-4BCB-8497-7C82F2B285AC}.Debug|Any CPU.Build.0 = Debug|Any CPU
		{156EC01F-A0C4-4BCB-8497-7C82F2B285AC}.Release|Any CPU.ActiveCfg = Release|Any CPU
		{156EC01F-A0C4-4BCB-8497-7C82F2B285AC}.Release|Any CPU.Build.0 = Release|Any CPU
		{2C05D393-DE67-41CD-B13D-2848C5DD9166}.Debug|Any CPU.ActiveCfg = Debug|Any CPU
		{2C05D393-DE67-41CD-B13D-2848C5DD9166}.Debug|Any CPU.Build.0 = Debug|Any CPU
		{2C05D393-DE67-41CD-B13D-2848C5DD9166}.Release|Any CPU.ActiveCfg = Release|Any CPU
		{2C05D393-DE67-41CD-B13D-2848C5DD9166}.Release|Any CPU.Build.0 = Release|Any CPU
	EndGlobalSection
	GlobalSection(SolutionProperties) = preSolution
		HideSolutionNode = FALSE
	EndGlobalSection
	GlobalSection(NestedProjects) = preSolution
		{156EC01F-A0C4-4BCB-8497-7C82F2B285AC} = {FFB3B34C-865F-411E-B0FE-C15F43A4A217}
		{2C05D393-DE67-41CD-B13D-2848C5DD9166} = {FFB3B34C-865F-411E-B0FE-C15F43A4A217}
	EndGlobalSection
	GlobalSection(ExtensibilityGlobals) = postSolution
		SolutionGuid = {4B890BB9-0185-48C8-BAA7-C76619435917}
	EndGlobalSection
EndGlobal
